
Microsoft Visual Studio Solution File, Format Version 12.00
# Visual Studio Version 17
VisualStudioVersion = 17.14.36623.8 d17.14
MinimumVisualStudioVersion = 10.0.40219.1
Project("{FAE04EC0-301F-11D3-BF4B-00C04F79EFBC}") = "CRUDMONGODB_BDA", "CRUDMONGODB_BDA.csproj", "{22C75C29-E8B9-4A9B-ACF8-705E93370469}"
EndProject
Global
	GlobalSection(SolutionConfigurationPlatforms) = preSolution
		Debug|Any CPU = Debug|Any CPU
		Release|Any CPU = Release|Any CPU
	EndGlobalSection
	GlobalSection(ProjectConfigurationPlatforms) = postSolution
		{22C75C29-E8B9-4A9B-ACF8-705E93370469}.Debug|Any CPU.ActiveCfg = Debug|Any CPU
		{22C75C29-E8B9-4A9B-ACF8-705E93370469}.Debug|Any CPU.Build.0 = Debug|Any CPU
		{22C75C29-E8B9-4A9B-ACF8-705E93370469}.Release|Any CPU.ActiveCfg = Release|Any CPU
		{22C75C29-E8B9-4A9B-ACF8-705E93370469}.Release|Any CPU.Build.0 = Release|Any CPU
	EndGlobalSection
	GlobalSection(SolutionProperties) = preSolution
		HideSolutionNode = FALSE
	EndGlobalSection
	GlobalSection(ExtensibilityGlobals) = postSolution
		SolutionGuid = {119E8A96-6DC6-43E0-9D38-18FD6E8AAE59}
	EndGlobalSection
EndGlobal
